{
  "name": "workspace",
  "version": "1.0.0",
  "lockfileVersion": 3,
  "requires": true,
  "packages": {
    "": {
      "name": "workspace",
      "version": "1.0.0",
      "license": "ISC",
      "dependencies": {
        "ace-builds": "^1.37.5"
      }
    },
    "node_modules/ace-builds": {
      "version": "1.37.5",
      "resolved": "https://registry.npmjs.org/ace-builds/-/ace-builds-1.37.5.tgz",
      "integrity": "sha512-VMJ4Cnhq6L9dwvOCyuyyvQuiVTSwdZC7zDKJBBBJJax0wGQ7MvzQZFoi0gMmCm2I4Zuv/ZbtwU/dlglIhCNLhw==",
      "license": "BSD-3-Clause"
    }
  }
}
